
Microsoft Visual Studio Solution File, Format Version 12.00
# Visual Studio 15
VisualStudioVersion = 15.0.26403.7
MinimumVisualStudioVersion = 10.0.40219.1
Project("{FAE04EC0-301F-11D3-BF4B-00C04F79EFBC}") = "CoolBreeze.Android", "CoolBreeze\CoolBreeze.Android\CoolBreeze.Android.csproj", "{A51F8A49-255D-491D-B7CB-313141EA607E}"
EndProject
Project("{FAE04EC0-301F-11D3-BF4B-00C04F79EFBC}") = "CoolBreeze", "CoolBreeze\CoolBreeze\CoolBreeze.csproj", "{3FB54134-FC61-481D-82C1-CB5FE97731FF}"
EndProject
Project("{FAE04EC0-301F-11D3-BF4B-00C04F79EFBC}") = "CoolBreeze.UWP", "CoolBreeze\CoolBreeze.UWP\CoolBreeze.UWP.csproj", "{FB28AFAE-11ED-4DD6-B6FE-EBEF05CE03D6}"
EndProject
Project("{FAE04EC0-301F-11D3-BF4B-00C04F79EFBC}") = "CoolBreeze.iOS", "CoolBreeze\CoolBreeze.iOS\CoolBreeze.iOS.csproj", "{CEC7B73C-A56A-4C60-B42F-53BE31CC6206}"
EndProject
Global
	GlobalSection(SolutionConfigurationPlatforms) = preSolution
		Ad-Hoc|Any CPU = Ad-Hoc|Any CPU
		Ad-Hoc|ARM = Ad-Hoc|ARM
		Ad-Hoc|iPhone = Ad-Hoc|iPhone
		Ad-Hoc|iPhoneSimulator = Ad-Hoc|iPhoneSimulator
		Ad-Hoc|x64 = Ad-Hoc|x64
		Ad-Hoc|x86 = Ad-Hoc|x86
		AppStore|Any CPU = AppStore|Any CPU
		AppStore|ARM = AppStore|ARM
		AppStore|iPhone = AppStore|iPhone
		AppStore|iPhoneSimulator = AppStore|iPhoneSimulator
		AppStore|x64 = AppStore|x64
		AppStore|x86 = AppStore|x86
		Debug|Any CPU = Debug|Any CPU
		Debug|ARM = Debug|ARM
		Debug|iPhone = Debug|iPhone
		Debug|iPhoneSimulator = Debug|iPhoneSimulator
		Debug|x64 = Debug|x64
		Debug|x86 = Debug|x86
		Release|Any CPU = Release|Any CPU
		Release|ARM = Release|ARM
		Release|iPhone = Release|iPhone
		Release|iPhoneSimulator = Release|iPhoneSimulator
		Release|x64 = Release|x64
		Release|x86 = Release|x86
	EndGlobalSection
	GlobalSection(ProjectConfigurationPlatforms) = postSolution
		{A51F8A49-255D-491D-B7CB-313141EA607E}.Ad-Hoc|Any CPU.ActiveCfg = Release|Any CPU
		{A51F8A49-255D-491D-B7CB-313141EA607E}.Ad-Hoc|Any CPU.Build.0 = Release|Any CPU
		{A51F8A49-255D-491D-B7CB-313141EA607E}.Ad-Hoc|Any CPU.Deploy.0 = Release|Any CPU
		{A51F8A49-255D-491D-B7CB-313141EA607E}.Ad-Hoc|ARM.ActiveCfg = Release|Any CPU
		{A51F8A49-255D-491D-B7CB-313141EA607E}.Ad-Hoc|ARM.Build.0 = Release|Any CPU
		{A51F8A49-255D-491D-B7CB-313141EA607E}.Ad-Hoc|ARM.Deploy.0 = Release|Any CPU
		{A51F8A49-255D-491D-B7CB-313141EA607E}.Ad-Hoc|iPhone.ActiveCfg = Release|Any CPU
		{A51F8A49-255D-491D-B7CB-313141EA607E}.Ad-Hoc|iPhone.Build.0 = Release|Any CPU
		{A51F8A49-255D-491D-B7CB-313141EA607E}.Ad-Hoc|iPhone.Deploy.0 = Release|Any CPU
		{A51F8A49-255D-491D-B7CB-313141EA607E}.Ad-Hoc|iPhoneSimulator.ActiveCfg = Release|Any CPU
		{A51F8A49-255D-491D-B7CB-313141EA607E}.Ad-Hoc|iPhoneSimulator.Build.0 = Release|Any CPU
		{A51F8A49-255D-491D-B7CB-313141EA607E}.Ad-Hoc|iPhoneSimulator.Deploy.0 = Release|Any CPU
		{A51F8A49-255D-491D-B7CB-313141EA607E}.Ad-Hoc|x64.ActiveCfg = Release|Any CPU
		{A51F8A49-255D-491D-B7CB-313141EA607E}.Ad-Hoc|x64.Build.0 = Release|Any CPU
		{A51F8A49-255D-491D-B7CB-313141EA607E}.Ad-Hoc|x64.Deploy.0 = Release|Any CPU
		{A51F8A49-255D-491D-B7CB-313141EA607E}.Ad-Hoc|x86.ActiveCfg = Release|Any CPU
		{A51F8A49-255D-491D-B7CB-313141EA607E}.Ad-Hoc|x86.Build.0 = Release|Any CPU
		{A51F8A49-255D-491D-B7CB-313141EA607E}.Ad-Hoc|x86.Deploy.0 = Release|Any CPU
		{A51F8A49-255D-491D-B7CB-313141EA607E}.AppStore|Any CPU.ActiveCfg = Release|Any CPU
		{A51F8A49-255D-491D-B7CB-313141EA607E}.AppStore|Any CPU.Build.0 = Release|Any CPU
		{A51F8A49-255D-491D-B7CB-313141EA607E}.AppStore|Any CPU.Deploy.0 = Release|Any CPU
		{A51F8A49-255D-491D-B7CB-313141EA607E}.AppStore|ARM.ActiveCfg = Release|Any CPU
		{A51F8A49-255D-491D-B7CB-313141EA607E}.AppStore|ARM.Build.0 = Release|Any CPU
		{A51F8A49-255D-491D-B7CB-313141EA607E}.AppStore|ARM.Deploy.0 = Release|Any CPU
		{A51F8A49-255D-491D-B7CB-313141EA607E}.AppStore|iPhone.ActiveCfg = Release|Any CPU
		{A51F8A49-255D-491D-B7CB-313141EA607E}.AppStore|iPhone.Build.0 = Release|Any CPU
		{A51F8A49-255D-491D-B7CB-313141EA607E}.AppStore|iPhone.Deploy.0 = Release|Any CPU
		{A51F8A49-255D-491D-B7CB-313141EA607E}.AppStore|iPhoneSimulator.ActiveCfg = Release|Any CPU
		{A51F8A49-255D-491D-B7CB-313141EA607E}.AppStore|iPhoneSimulator.Build.0 = Release|Any CPU
		{A51F8A49-255D-491D-B7CB-313141EA607E}.AppStore|iPhoneSimulator.Deploy.0 = Release|Any CPU
		{A51F8A49-255D-491D-B7CB-313141EA607E}.AppStore|x64.ActiveCfg = Release|Any CPU
		{A51F8A49-255D-491D-B7CB-313141EA607E}.AppStore|x64.Build.0 = Release|Any CPU
		{A51F8A49-255D-491D-B7CB-313141EA607E}.AppStore|x64.Deploy.0 = Release|Any CPU
		{A51F8A49-255D-491D-B7CB-313141EA607E}.AppStore|x86.ActiveCfg = Release|Any CPU
		{A51F8A49-255D-491D-B7CB-313141EA607E}.AppStore|x86.Build.0 = Release|Any CPU
		{A51F8A49-255D-491D-B7CB-313141EA607E}.AppStore|x86.Deploy.0 = Release|Any CPU
		{A51F8A49-255D-491D-B7CB-313141EA607E}.Debug|Any CPU.ActiveCfg = Debug|Any CPU
		{A51F8A49-255D-491D-B7CB-313141EA607E}.Debug|Any CPU.Build.0 = Debug|Any CPU
		{A51F8A49-255D-491D-B7CB-313141EA607E}.Debug|Any CPU.Deploy.0 = Debug|Any CPU
		{A51F8A49-255D-491D-B7CB-313141EA607E}.Debug|ARM.ActiveCfg = Debug|Any CPU
		{A51F8A49-255D-491D-B7CB-313141EA607E}.Debug|ARM.Build.0 = Debug|Any CPU
		{A51F8A49-255D-491D-B7CB-313141EA607E}.Debug|ARM.Deploy.0 = Debug|Any CPU
		{A51F8A49-255D-491D-B7CB-313141EA607E}.Debug|iPhone.ActiveCfg = Debug|Any CPU
		{A51F8A49-255D-491D-B7CB-313141EA607E}.Debug|iPhoneSimulator.ActiveCfg = Debug|Any CPU
		{A51F8A49-255D-491D-B7CB-313141EA607E}.Debug|x64.ActiveCfg = Debug|Any CPU
		{A51F8A49-255D-491D-B7CB-313141EA607E}.Debug|x64.Build.0 = Debug|Any CPU
		{A51F8A49-255D-491D-B7CB-313141EA607E}.Debug|x64.Deploy.0 = Debug|Any CPU
		{A51F8A49-255D-491D-B7CB-313141EA607E}.Debug|x86.ActiveCfg = Debug|Any CPU
		{A51F8A49-255D-491D-B7CB-313141EA607E}.Debug|x86.Build.0 = Debug|Any CPU
		{A51F8A49-255D-491D-B7CB-313141EA607E}.Debug|x86.Deploy.0 = Debug|Any CPU
		{A51F8A49-255D-491D-B7CB-313141EA607E}.Release|Any CPU.ActiveCfg = Release|Any CPU
		{A51F8A49-255D-491D-B7CB-313141EA607E}.Release|Any CPU.Build.0 = Release|Any CPU
		{A51F8A49-255D-491D-B7CB-313141EA607E}.Release|Any CPU.Deploy.0 = Release|Any CPU
		{A51F8A49-255D-491D-B7CB-313141EA607E}.Release|ARM.ActiveCfg = Release|Any CPU
		{A51F8A49-255D-491D-B7CB-313141EA607E}.Release|ARM.Build.0 = Release|Any CPU
		{A51F8A49-255D-491D-B7CB-313141EA607E}.Release|ARM.Deploy.0 = Release|Any CPU
		{A51F8A49-255D-491D-B7CB-313141EA607E}.Release|iPhone.ActiveCfg = Release|Any CPU
		{A51F8A49-255D-491D-B7CB-313141EA607E}.Release|iPhone.Build.0 = Release|Any CPU
		{A51F8A49-255D-491D-B7CB-313141EA607E}.Release|iPhone.Deploy.0 = Release|Any CPU
		{A51F8A49-255D-491D-B7CB-313141EA607E}.Release|iPhoneSimulator.ActiveCfg = Release|Any CPU
		{A51F8A49-255D-491D-B7CB-313141EA607E}.Release|iPhoneSimulator.Build.0 = Release|Any CPU
		{A51F8A49-255D-491D-B7CB-313141EA607E}.Release|iPhoneSimulator.Deploy.0 = Release|Any CPU
		{A51F8A49-255D-491D-B7CB-313141EA607E}.Release|x64.ActiveCfg = Release|Any CPU
		{A51F8A49-255D-491D-B7CB-313141EA607E}.Release|x64.Build.0 = Release|Any CPU
		{A51F8A49-255D-491D-B7CB-313141EA607E}.Release|x64.Deploy.0 = Release|Any CPU
		{A51F8A49-255D-491D-B7CB-313141EA607E}.Release|x86.ActiveCfg = Release|Any CPU
		{A51F8A49-255D-491D-B7CB-313141EA607E}.Release|x86.Build.0 = Release|Any CPU
		{A51F8A49-255D-491D-B7CB-313141EA607E}.Release|x86.Deploy.0 = Release|Any CPU
		{3FB54134-FC61-481D-82C1-CB5FE97731FF}.Ad-Hoc|Any CPU.ActiveCfg = Release|Any CPU
		{3FB54134-FC61-481D-82C1-CB5FE97731FF}.Ad-Hoc|Any CPU.Build.0 = Release|Any CPU
		{3FB54134-FC61-481D-82C1-CB5FE97731FF}.Ad-Hoc|ARM.ActiveCfg = Release|Any CPU
		{3FB54134-FC61-481D-82C1-CB5FE97731FF}.Ad-Hoc|ARM.Build.0 = Release|Any CPU
		{3FB54134-FC61-481D-82C1-CB5FE97731FF}.Ad-Hoc|iPhone.ActiveCfg = Release|Any CPU
		{3FB54134-FC61-481D-82C1-CB5FE97731FF}.Ad-Hoc|iPhone.Build.0 = Release|Any CPU
		{3FB54134-FC61-481D-82C1-CB5FE97731FF}.Ad-Hoc|iPhoneSimulator.ActiveCfg = Release|Any CPU
		{3FB54134-FC61-481D-82C1-CB5FE97731FF}.Ad-Hoc|iPhoneSimulator.Build.0 = Release|Any CPU
		{3FB54134-FC61-481D-82C1-CB5FE97731FF}.Ad-Hoc|x64.ActiveCfg = Release|Any CPU
		{3FB54134-FC61-481D-82C1-CB5FE97731FF}.Ad-Hoc|x64.Build.0 = Release|Any CPU
		{3FB54134-FC61-481D-82C1-CB5FE97731FF}.Ad-Hoc|x86.ActiveCfg = Release|Any CPU
		{3FB54134-FC61-481D-82C1-CB5FE97731FF}.Ad-Hoc|x86.Build.0 = Release|Any CPU
		{3FB54134-FC61-481D-82C1-CB5FE97731FF}.AppStore|Any CPU.ActiveCfg = Release|Any CPU
		{3FB54134-FC61-481D-82C1-CB5FE97731FF}.AppStore|Any CPU.Build.0 = Release|Any CPU
		{3FB54134-FC61-481D-82C1-CB5FE97731FF}.AppStore|ARM.ActiveCfg = Release|Any CPU
		{3FB54134-FC61-481D-82C1-CB5FE97731FF}.AppStore|ARM.Build.0 = Release|Any CPU
		{3FB54134-FC61-481D-82C1-CB5FE97731FF}.AppStore|iPhone.ActiveCfg = Release|Any CPU
		{3FB54134-FC61-481D-82C1-CB5FE97731FF}.AppStore|iPhone.Build.0 = Release|Any CPU
		{3FB54134-FC61-481D-82C1-CB5FE97731FF}.AppStore|iPhoneSimulator.ActiveCfg = Release|Any CPU
		{3FB54134-FC61-481D-82C1-CB5FE97731FF}.AppStore|iPhoneSimulator.Build.0 = Release|Any CPU
		{3FB54134-FC61-481D-82C1-CB5FE97731FF}.AppStore|x64.ActiveCfg = Release|Any CPU
		{3FB54134-FC61-481D-82C1-CB5FE97731FF}.AppStore|x64.Build.0 = Release|Any CPU
		{3FB54134-FC61-481D-82C1-CB5FE97731FF}.AppStore|x86.ActiveCfg = Release|Any CPU
		{3FB54134-FC61-481D-82C1-CB5FE97731FF}.AppStore|x86.Build.0 = Release|Any CPU
		{3FB54134-FC61-481D-82C1-CB5FE97731FF}.Debug|Any CPU.ActiveCfg = Debug|Any CPU
		{3FB54134-FC61-481D-82C1-CB5FE97731FF}.Debug|Any CPU.Build.0 = Debug|Any CPU
		{3FB54134-FC61-481D-82C1-CB5FE97731FF}.Debug|ARM.ActiveCfg = Debug|Any CPU
		{3FB54134-FC61-481D-82C1-CB5FE97731FF}.Debug|ARM.Build.0 = Debug|Any CPU
		{3FB54134-FC61-481D-82C1-CB5FE97731FF}.Debug|iPhone.ActiveCfg = Debug|Any CPU
		{3FB54134-FC61-481D-82C1-CB5FE97731FF}.Debug|iPhone.Build.0 = Debug|Any CPU
		{3FB54134-FC61-481D-82C1-CB5FE97731FF}.Debug|iPhoneSimulator.ActiveCfg = Debug|Any CPU
		{3FB54134-FC61-481D-82C1-CB5FE97731FF}.Debug|iPhoneSimulator.Build.0 = Debug|Any CPU
		{3FB54134-FC61-481D-82C1-CB5FE97731FF}.Debug|iPhoneSimulator.Deploy.0 = Debug|Any CPU
		{3FB54134-FC61-481D-82C1-CB5FE97731FF}.Debug|x64.ActiveCfg = Debug|Any CPU
		{3FB54134-FC61-481D-82C1-CB5FE97731FF}.Debug|x64.Build.0 = Debug|Any CPU
		{3FB54134-FC61-481D-82C1-CB5FE97731FF}.Debug|x86.ActiveCfg = Debug|Any CPU
		{3FB54134-FC61-481D-82C1-CB5FE97731FF}.Debug|x86.Build.0 = Debug|Any CPU
		{3FB54134-FC61-481D-82C1-CB5FE97731FF}.Release|Any CPU.ActiveCfg = Release|Any CPU
		{3FB54134-FC61-481D-82C1-CB5FE97731FF}.Release|Any CPU.Build.0 = Release|Any CPU
		{3FB54134-FC61-481D-82C1-CB5FE97731FF}.Release|ARM.ActiveCfg = Release|Any CPU
		{3FB54134-FC61-481D-82C1-CB5FE97731FF}.Release|ARM.Build.0 = Release|Any CPU
		{3FB54134-FC61-481D-82C1-CB5FE97731FF}.Release|iPhone.ActiveCfg = Release|Any CPU
		{3FB54134-FC61-481D-82C1-CB5FE97731FF}.Release|iPhone.Build.0 = Release|Any CPU
		{3FB54134-FC61-481D-82C1-CB5FE97731FF}.Release|iPhoneSimulator.ActiveCfg = Release|Any CPU
		{3FB54134-FC61-481D-82C1-CB5FE97731FF}.Release|iPhoneSimulator.Build.0 = Release|Any CPU
		{3FB54134-FC61-481D-82C1-CB5FE97731FF}.Release|x64.ActiveCfg = Release|Any CPU
		{3FB54134-FC61-481D-82C1-CB5FE97731FF}.Release|x64.Build.0 = Release|Any CPU
		{3FB54134-FC61-481D-82C1-CB5FE97731FF}.Release|x86.ActiveCfg = Release|Any CPU
		{3FB54134-FC61-481D-82C1-CB5FE97731FF}.Release|x86.Build.0 = Release|Any CPU
		{FB28AFAE-11ED-4DD6-B6FE-EBEF05CE03D6}.Ad-Hoc|Any CPU.ActiveCfg = Release|x86
		{FB28AFAE-11ED-4DD6-B6FE-EBEF05CE03D6}.Ad-Hoc|Any CPU.Build.0 = Release|x86
		{FB28AFAE-11ED-4DD6-B6FE-EBEF05CE03D6}.Ad-Hoc|Any CPU.Deploy.0 = Release|x86
		{FB28AFAE-11ED-4DD6-B6FE-EBEF05CE03D6}.Ad-Hoc|ARM.ActiveCfg = Release|ARM
		{FB28AFAE-11ED-4DD6-B6FE-EBEF05CE03D6}.Ad-Hoc|ARM.Build.0 = Release|ARM
		{FB28AFAE-11ED-4DD6-B6FE-EBEF05CE03D6}.Ad-Hoc|ARM.Deploy.0 = Release|ARM
		{FB28AFAE-11ED-4DD6-B6FE-EBEF05CE03D6}.Ad-Hoc|iPhone.ActiveCfg = Release|x86
		{FB28AFAE-11ED-4DD6-B6FE-EBEF05CE03D6}.Ad-Hoc|iPhone.Build.0 = Release|x86
		{FB28AFAE-11ED-4DD6-B6FE-EBEF05CE03D6}.Ad-Hoc|iPhone.Deploy.0 = Release|x86
		{FB28AFAE-11ED-4DD6-B6FE-EBEF05CE03D6}.Ad-Hoc|iPhoneSimulator.ActiveCfg = Release|x86
		{FB28AFAE-11ED-4DD6-B6FE-EBEF05CE03D6}.Ad-Hoc|iPhoneSimulator.Build.0 = Release|x86
		{FB28AFAE-11ED-4DD6-B6FE-EBEF05CE03D6}.Ad-Hoc|iPhoneSimulator.Deploy.0 = Release|x86
		{FB28AFAE-11ED-4DD6-B6FE-EBEF05CE03D6}.Ad-Hoc|x64.ActiveCfg = Release|x64
		{FB28AFAE-11ED-4DD6-B6FE-EBEF05CE03D6}.Ad-Hoc|x64.Build.0 = Release|x64
		{FB28AFAE-11ED-4DD6-B6FE-EBEF05CE03D6}.Ad-Hoc|x64.Deploy.0 = Release|x64
		{FB28AFAE-11ED-4DD6-B6FE-EBEF05CE03D6}.Ad-Hoc|x86.ActiveCfg = Release|x86
		{FB28AFAE-11ED-4DD6-B6FE-EBEF05CE03D6}.Ad-Hoc|x86.Build.0 = Release|x86
		{FB28AFAE-11ED-4DD6-B6FE-EBEF05CE03D6}.Ad-Hoc|x86.Deploy.0 = Release|x86
		{FB28AFAE-11ED-4DD6-B6FE-EBEF05CE03D6}.AppStore|Any CPU.ActiveCfg = Release|x86
		{FB28AFAE-11ED-4DD6-B6FE-EBEF05CE03D6}.AppStore|Any CPU.Build.0 = Release|x86
		{FB28AFAE-11ED-4DD6-B6FE-EBEF05CE03D6}.AppStore|Any CPU.Deploy.0 = Release|x86
		{FB28AFAE-11ED-4DD6-B6FE-EBEF05CE03D6}.AppStore|ARM.ActiveCfg = Release|ARM
		{FB28AFAE-11ED-4DD6-B6FE-EBEF05CE03D6}.AppStore|ARM.Build.0 = Release|ARM
		{FB28AFAE-11ED-4DD6-B6FE-EBEF05CE03D6}.AppStore|ARM.Deploy.0 = Release|ARM
		{FB28AFAE-11ED-4DD6-B6FE-EBEF05CE03D6}.AppStore|iPhone.ActiveCfg = Release|x86
		{FB28AFAE-11ED-4DD6-B6FE-EBEF05CE03D6}.AppStore|iPhone.Build.0 = Release|x86
		{FB28AFAE-11ED-4DD6-B6FE-EBEF05CE03D6}.AppStore|iPhone.Deploy.0 = Release|x86
		{FB28AFAE-11ED-4DD6-B6FE-EBEF05CE03D6}.AppStore|iPhoneSimulator.ActiveCfg = Release|x86
		{FB28AFAE-11ED-4DD6-B6FE-EBEF05CE03D6}.AppStore|iPhoneSimulator.Build.0 = Release|x86
		{FB28AFAE-11ED-4DD6-B6FE-EBEF05CE03D6}.AppStore|iPhoneSimulator.Deploy.0 = Release|x86
		{FB28AFAE-11ED-4DD6-B6FE-EBEF05CE03D6}.AppStore|x64.ActiveCfg = Release|x64
		{FB28AFAE-11ED-4DD6-B6FE-EBEF05CE03D6}.AppStore|x64.Build.0 = Release|x64
		{FB28AFAE-11ED-4DD6-B6FE-EBEF05CE03D6}.AppStore|x64.Deploy.0 = Release|x64
		{FB28AFAE-11ED-4DD6-B6FE-EBEF05CE03D6}.AppStore|x86.ActiveCfg = Release|x86
		{FB28AFAE-11ED-4DD6-B6FE-EBEF05CE03D6}.AppStore|x86.Build.0 = Release|x86
		{FB28AFAE-11ED-4DD6-B6FE-EBEF05CE03D6}.AppStore|x86.Deploy.0 = Release|x86
		{FB28AFAE-11ED-4DD6-B6FE-EBEF05CE03D6}.Debug|Any CPU.ActiveCfg = Debug|x86
		{FB28AFAE-11ED-4DD6-B6FE-EBEF05CE03D6}.Debug|ARM.ActiveCfg = Debug|ARM
		{FB28AFAE-11ED-4DD6-B6FE-EBEF05CE03D6}.Debug|ARM.Build.0 = Debug|ARM
		{FB28AFAE-11ED-4DD6-B6FE-EBEF05CE03D6}.Debug|ARM.Deploy.0 = Debug|ARM
		{FB28AFAE-11ED-4DD6-B6FE-EBEF05CE03D6}.Debug|iPhone.ActiveCfg = Debug|x86
		{FB28AFAE-11ED-4DD6-B6FE-EBEF05CE03D6}.Debug|iPhoneSimulator.ActiveCfg = Debug|x86
		{FB28AFAE-11ED-4DD6-B6FE-EBEF05CE03D6}.Debug|x64.ActiveCfg = Debug|x64
		{FB28AFAE-11ED-4DD6-B6FE-EBEF05CE03D6}.Debug|x64.Build.0 = Debug|x64
		{FB28AFAE-11ED-4DD6-B6FE-EBEF05CE03D6}.Debug|x64.Deploy.0 = Debug|x64
		{FB28AFAE-11ED-4DD6-B6FE-EBEF05CE03D6}.Debug|x86.ActiveCfg = Debug|x86
		{FB28AFAE-11ED-4DD6-B6FE-EBEF05CE03D6}.Debug|x86.Build.0 = Debug|x86
		{FB28AFAE-11ED-4DD6-B6FE-EBEF05CE03D6}.Debug|x86.Deploy.0 = Debug|x86
		{FB28AFAE-11ED-4DD6-B6FE-EBEF05CE03D6}.Release|Any CPU.ActiveCfg = Release|x86
		{FB28AFAE-11ED-4DD6-B6FE-EBEF05CE03D6}.Release|ARM.ActiveCfg = Release|ARM
		{FB28AFAE-11ED-4DD6-B6FE-EBEF05CE03D6}.Release|ARM.Build.0 = Release|ARM
		{FB28AFAE-11ED-4DD6-B6FE-EBEF05CE03D6}.Release|ARM.Deploy.0 = Release|ARM
		{FB28AFAE-11ED-4DD6-B6FE-EBEF05CE03D6}.Release|iPhone.ActiveCfg = Release|x86
		{FB28AFAE-11ED-4DD6-B6FE-EBEF05CE03D6}.Release|iPhoneSimulator.ActiveCfg = Release|x86
		{FB28AFAE-11ED-4DD6-B6FE-EBEF05CE03D6}.Release|x64.ActiveCfg = Release|x64
		{FB28AFAE-11ED-4DD6-B6FE-EBEF05CE03D6}.Release|x64.Build.0 = Release|x64
		{FB28AFAE-11ED-4DD6-B6FE-EBEF05CE03D6}.Release|x64.Deploy.0 = Release|x64
		{FB28AFAE-11ED-4DD6-B6FE-EBEF05CE03D6}.Release|x86.ActiveCfg = Release|x86
		{FB28AFAE-11ED-4DD6-B6FE-EBEF05CE03D6}.Release|x86.Build.0 = Release|x86
		{FB28AFAE-11ED-4DD6-B6FE-EBEF05CE03D6}.Release|x86.Deploy.0 = Release|x86
		{CEC7B73C-A56A-4C60-B42F-53BE31CC6206}.Ad-Hoc|Any CPU.ActiveCfg = Ad-Hoc|iPhone
		{CEC7B73C-A56A-4C60-B42F-53BE31CC6206}.Ad-Hoc|ARM.ActiveCfg = Ad-Hoc|iPhone
		{CEC7B73C-A56A-4C60-B42F-53BE31CC6206}.Ad-Hoc|iPhone.ActiveCfg = Ad-Hoc|iPhone
		{CEC7B73C-A56A-4C60-B42F-53BE31CC6206}.Ad-Hoc|iPhone.Build.0 = Ad-Hoc|iPhone
		{CEC7B73C-A56A-4C60-B42F-53BE31CC6206}.Ad-Hoc|iPhoneSimulator.ActiveCfg = Ad-Hoc|iPhoneSimulator
		{CEC7B73C-A56A-4C60-B42F-53BE31CC6206}.Ad-Hoc|iPhoneSimulator.Build.0 = Ad-Hoc|iPhoneSimulator
		{CEC7B73C-A56A-4C60-B42F-53BE31CC6206}.Ad-Hoc|x64.ActiveCfg = Ad-Hoc|iPhone
		{CEC7B73C-A56A-4C60-B42F-53BE31CC6206}.Ad-Hoc|x86.ActiveCfg = Ad-Hoc|iPhone
		{CEC7B73C-A56A-4C60-B42F-53BE31CC6206}.AppStore|Any CPU.ActiveCfg = AppStore|iPhone
		{CEC7B73C-A56A-4C60-B42F-53BE31CC6206}.AppStore|ARM.ActiveCfg = AppStore|iPhone
		{CEC7B73C-A56A-4C60-B42F-53BE31CC6206}.AppStore|iPhone.ActiveCfg = AppStore|iPhone
		{CEC7B73C-A56A-4C60-B42F-53BE31CC6206}.AppStore|iPhone.Build.0 = AppStore|iPhone
		{CEC7B73C-A56A-4C60-B42F-53BE31CC6206}.AppStore|iPhoneSimulator.ActiveCfg = AppStore|iPhoneSimulator
		{CEC7B73C-A56A-4C60-B42F-53BE31CC6206}.AppStore|iPhoneSimulator.Build.0 = AppStore|iPhoneSimulator
		{CEC7B73C-A56A-4C60-B42F-53BE31CC6206}.AppStore|x64.ActiveCfg = AppStore|iPhone
		{CEC7B73C-A56A-4C60-B42F-53BE31CC6206}.AppStore|x86.ActiveCfg = AppStore|iPhone
		{CEC7B73C-A56A-4C60-B42F-53BE31CC6206}.Debug|Any CPU.ActiveCfg = Debug|iPhone
		{CEC7B73C-A56A-4C60-B42F-53BE31CC6206}.Debug|ARM.ActiveCfg = Debug|iPhone
		{CEC7B73C-A56A-4C60-B42F-53BE31CC6206}.Debug|iPhone.ActiveCfg = Debug|iPhone
		{CEC7B73C-A56A-4C60-B42F-53BE31CC6206}.Debug|iPhone.Build.0 = Debug|iPhone
		{CEC7B73C-A56A-4C60-B42F-53BE31CC6206}.Debug|iPhoneSimulator.ActiveCfg = Debug|iPhoneSimulator
		{CEC7B73C-A56A-4C60-B42F-53BE31CC6206}.Debug|iPhoneSimulator.Build.0 = Debug|iPhoneSimulator
		{CEC7B73C-A56A-4C60-B42F-53BE31CC6206}.Debug|x64.ActiveCfg = Debug|iPhone
		{CEC7B73C-A56A-4C60-B42F-53BE31CC6206}.Debug|x86.ActiveCfg = Debug|iPhone
		{CEC7B73C-A56A-4C60-B42F-53BE31CC6206}.Release|Any CPU.ActiveCfg = Release|iPhone
		{CEC7B73C-A56A-4C60-B42F-53BE31CC6206}.Release|ARM.ActiveCfg = Release|iPhone
		{CEC7B73C-A56A-4C60-B42F-53BE31CC6206}.Release|iPhone.ActiveCfg = Release|iPhone
		{CEC7B73C-A56A-4C60-B42F-53BE31CC6206}.Release|iPhone.Build.0 = Release|iPhone
		{CEC7B73C-A56A-4C60-B42F-53BE31CC6206}.Release|iPhoneSimulator.ActiveCfg = Release|iPhoneSimulator
		{CEC7B73C-A56A-4C60-B42F-53BE31CC6206}.Release|iPhoneSimulator.Build.0 = Release|iPhoneSimulator
		{CEC7B73C-A56A-4C60-B42F-53BE31CC6206}.Release|x64.ActiveCfg = Release|iPhone
		{CEC7B73C-A56A-4C60-B42F-53BE31CC6206}.Release|x86.ActiveCfg = Release|iPhone
	EndGlobalSection
	GlobalSection(SolutionProperties) = preSolution
		HideSolutionNode = FALSE
	EndGlobalSection
EndGlobal
